// !$*UTF8*$!
{
	archiveVersion = 1;
	classes = {
	};
	objectVersion = 46;
	objects = {

/* Begin PBXBuildFile section */
		DA0AE7321C391DCD0040E165 /* AppDelegate.swift in Sources */ = {isa = PBXBuildFile; fileRef = DA0AE7311C391DCD0040E165 /* AppDelegate.swift */; };
		DA0AE7371C391DCD0040E165 /* Main.storyboard in Resources */ = {isa = PBXBuildFile; fileRef = DA0AE7351C391DCD0040E165 /* Main.storyboard */; };
		DA0AE7391C391DCD0040E165 /* Assets.xcassets in Resources */ = {isa = PBXBuildFile; fileRef = DA0AE7381C391DCD0040E165 /* Assets.xcassets */; };
		DA0AE73C1C391DCD0040E165 /* LaunchScreen.storyboard in Resources */ = {isa = PBXBuildFile; fileRef = DA0AE73A1C391DCD0040E165 /* LaunchScreen.storyboard */; };
		DA0AE7441C391EE80040E165 /* MyTableVC.swift in Sources */ = {isa = PBXBuildFile; fileRef = DA0AE7431C391EE80040E165 /* MyTableVC.swift */; };
/* End PBXBuildFile section */

/* Begin PBXFileReference section */
		DA0AE72E1C391DCD0040E165 /* tableviewcontroller-test.app */ = {isa = PBXFileReference; explicitFileType = wrapper.application; includeInIndex = 0; path = "tableviewcontroller-test.app"; sourceTree = BUILT_PRODUCTS_DIR; };
		DA0AE7311C391DCD0040E165 /* AppDelegate.swift */ = {isa = PBXFileReference; lastKnownFileType = sourcecode.swift; path = AppDelegate.swift; sourceTree = "<group>"; };
		DA0AE7361C391DCD0040E165 /* Base */ = {isa = PBXFileReference; lastKnownFileType = file.storyboard; name = Base; path = Base.lproj/Main.storyboard; sourceTree = "<group>"; };
		DA0AE7381C391DCD0040E165 /* Assets.xcassets */ = {isa = PBXFileReference; lastKnownFileType = folder.assetcatalog; path = Assets.xcassets; sourceTree = "<group>"; };
		DA0AE73B1C391DCD0040E165 /* Base */ = {isa = PBXFileReference; lastKnownFileType = file.storyboard; name = Base; path = Base.lproj/LaunchScreen.storyboard; sourceTree = "<group>"; };
		DA0AE73D1C391DCD0040E165 /* Info.plist */ = {isa = PBXFileReference; lastKnownFileType = text.plist.xml; path = Info.plist; sourceTree = "<group>"; };
		DA0AE7431C391EE80040E165 /* MyTableVC.swift */ = {isa = PBXFileReference; fileEncoding = 4; lastKnownFileType = sourcecode.swift; path = MyTableVC.swift; sourceTree = "<group>"; };
/* End PBXFileReference section */

/* Begin PBXFrameworksBuildPhase section */
		DA0AE72B1C391DCD0040E165 /* Frameworks */ = {
			isa = PBXFrameworksBuildPhase;
			buildActionMask = 2147483647;
			files = (
			);
			runOnlyForDeploymentPostprocessing = 0;
		};
/* End PBXFrameworksBuildPhase section */

/* Begin PBXGroup section */
		DA0AE7251C391DCD0040E165 = {
			isa = PBXGroup;
			children = (
				DA0AE7301C391DCD0040E165 /* tableviewcontroller-test */,
				DA0AE72F1C391DCD0040E165 /* Products */,
			);
			sourceTree = "<group>";
		};
		DA0AE72F1C391DCD0040E165 /* Products */ = {
			isa = PBXGroup;
			children = (
				DA0AE72E1C391DCD0040E165 /* tableviewcontroller-test.app */,
			);
			name = Products;
			sourceTree = "<group>";
		};
		DA0AE7301C391DCD0040E165 /* tableviewcontroller-test */ = {
			isa = PBXGroup;
			children = (
				DA0AE7311C391DCD0040E165 /* AppDelegate.swift */,
				DA0AE7351C391DCD0040E165 /* Main.storyboard */,
				DA0AE7381C391DCD0040E165 /* Assets.xcassets */,
				DA0AE73A1C391DCD0040E165 /* LaunchScreen.storyboard */,
				DA0AE73D1C391DCD0040E165 /* Info.plist */,
				DA0AE7431C391EE80040E165 /* MyTableVC.swift */,
			);
			path = "tableviewcontroller-test";
			sourceTree = "<group>";
		};
/* End PBXGroup section */

/* Begin PBXNativeTarget section */
		DA0AE72D1C391DCD0040E165 /* tableviewcontroller-test */ = {
			isa = PBXNativeTarget;
			buildConfigurationList = DA0AE7401C391DCD0040E165 /* Build configuration list for PBXNativeTarget "tableviewcontroller-test" */;
			buildPhases = (
				DA0AE72A1C391DCD0040E165 /* Sources */,
				DA0AE72B1C391DCD0040E165 /* Frameworks */,
				DA0AE72C1C391DCD0040E165 /* Resources */,
			);
			buildRules = (
			);
			dependencies = (
			);
			name = "tableviewcontroller-test";
			productName = "tableviewcontroller-test";
			productReference = DA0AE72E1C391DCD0040E165 /* tableviewcontroller-test.app */;
			productType = "com.apple.product-type.application";
		};
/* End PBXNativeTarget section */

/* Begin PBXProject section */
		DA0AE7261C391DCD0040E165 /* Project object */ = {
			isa = PBXProject;
			attributes = {
				LastSwiftUpdateCheck = 0720;
				LastUpgradeCheck = 0810;
				ORGANIZATIONNAME = Home;
				TargetAttributes = {
					DA0AE72D1C391DCD0040E165 = {
						CreatedOnToolsVersion = 7.2;
						DevelopmentTeam = 3576WDCD7W;
						LastSwiftMigration = 0810;
					};
				};
			};
			buildConfigurationList = DA0AE7291C391DCD0040E165 /* Build configuration list for PBXProject "tableviewcontroller-test" */;
			compatibilityVersion = "Xcode 3.2";
			developmentRegion = English;
			hasScannedForEncodings = 0;
			knownRegions = (
				en,
				Base,
			);
			mainGroup = DA0AE7251C391DCD0040E165;
			productRefGroup = DA0AE72F1C391DCD0040E165 /* Products */;
			projectDirPath = "";
			projectRoot = "";
			targets = (
				DA0AE72D1C391DCD0040E165 /* tableviewcontroller-test */,
			);
		};
/* End PBXProject section */

/* Begin PBXResourcesBuildPhase section */
		DA0AE72C1C391DCD0040E165 /* Resources */ = {
			isa = PBXResourcesBuildPhase;
			buildActionMask = 2147483647;
			files = (
				DA0AE73C1C391DCD0040E165 /* LaunchScreen.storyboard in Resources */,
				DA0AE7391C391DCD0040E165 /* Assets.xcassets in Resources */,
				DA0AE7371C391DCD0040E165 /* Main.storyboard in Resources */,
			);
			runOnlyForDeploymentPostprocessing = 0;
		};
/* End PBXResourcesBuildPhase section */

/* Begin PBXSourcesBuildPhase section */
		DA0AE72A1C391DCD0040E165 /* Sources */ = {
			isa = PBXSourcesBuildPhase;
			buildActionMask = 2147483647;
			files = (
				DA0AE7321C391DCD0040E165 /* AppDelegate.swift in Sources */,
				DA0AE7441C391EE80040E165 /* MyTableVC.swift in Sources */,
			);
			runOnlyForDeploymentPostprocessing = 0;
		};
/* End PBXSourcesBuildPhase section */

/* Begin PBXVariantGroup section */
		DA0AE7351C391DCD0040E165 /* Main.storyboard */ = {
			isa = PBXVariantGroup;
			children = (
				DA0AE7361C391DCD0040E165 /* Base */,
			);
			name = Main.storyboard;
			sourceTree = "<group>";
		};
		DA0AE73A1C391DCD0040E165 /* LaunchScreen.storyboard */ = {
			isa = PBXVariantGroup;
			children = (
				DA0AE73B1C391DCD0040E165 /* Base */,
			);
			name = LaunchScreen.storyboard;
			sourceTree = "<group>";
		};
/* End PBXVariantGroup section */

/* Begin XCBuildConfiguration section */
		DA0AE73E1C391DCD0040E165 /* Debug */ = {
			isa = XCBuildConfiguration;
			buildSettings = {
				ALWAYS_SEARCH_USER_PATHS = NO;
				CLANG_CXX_LANGUAGE_STANDARD = "gnu++0x";
				CLANG_CXX_LIBRARY = "libc++";
				CLANG_ENABLE_MODULES = YES;
				CLANG_ENABLE_OBJC_ARC = YES;
				CLANG_WARN_BOOL_CONVERSION = YES;
				CLANG_WARN_CONSTANT_CONVERSION = YES;
				CLANG_WARN_DIRECT_OBJC_ISA_USAGE = YES_ERROR;
				CLANG_WARN_EMPTY_BODY = YES;
				CLANG_WARN_ENUM_CONVERSION = YES;
				CLANG_WARN_INFINITE_RECURSION = YES;
				CLANG_WARN_INT_CONVERSION = YES;
				CLANG_WARN_OBJC_ROOT_CLASS = YES_ERROR;
				CLANG_WARN_SUSPICIOUS_MOVE = YES;
				CLANG_WARN_UNREACHABLE_CODE = YES;
				CLANG_WARN__DUPLICATE_METHOD_MATCH = YES;
				"CODE_SIGN_IDENTITY[sdk=iphoneos*]" = "iPhone Developer";
				COPY_PHASE_STRIP = NO;
				DEBUG_INFORMATION_FORMAT = dwarf;
				ENABLE_STRICT_OBJC_MSGSEND = YES;
				ENABLE_TESTABILITY = YES;
				GCC_C_LANGUAGE_STANDARD = gnu99;
				GCC_DYNAMIC_NO_PIC = NO;
				GCC_NO_COMMON_BLOCKS = YES;
				GCC_OPTIMIZATION_LEVEL = 0;
				GCC_PREPROCESSOR_DEFINITIONS = (
					"DEBUG=1",
					"$(inherited)",
				);
				GCC_WARN_64_TO_32_BIT_CONVERSION = YES;
				GCC_WARN_ABOUT_RETURN_TYPE = YES_ERROR;
				GCC_WARN_UNDECLARED_SELECTOR = YES;
				GCC_WARN_UNINITIALIZED_AUTOS = YES_AGGRESSIVE;
				GCC_WARN_UNUSED_FUNCTION = YES;
				GCC_WARN_UNUSED_VARIABLE = YES;
				IPHONEOS_DEPLOYMENT_TARGET = 9.2;
				MTL_ENABLE_DEBUG_INFO = YES;
				ONLY_ACTIVE_ARCH = YES;
				SDKROOT = iphoneos;
				SWIFT_OPTIMIZATION_LEVEL = "-Onone";
				TARGETED_DEVICE_FAMILY = "1,2";
			};
			name = Debug;
		};
		DA0AE73F1C391DCD0040E165 /* Release */ = {
			isa = XCBuildConfiguration;
			buildSettings = {
				ALWAYS_SEARCH_USER_PATHS = NO;
				CLANG_CXX_LANGUAGE_STANDARD = "gnu++0x";
				CLANG_CXX_LIBRARY = "libc++";
				CLANG_ENABLE_MODULES = YES;
				CLANG_ENABLE_OBJC_ARC = YES;
				CLANG_WARN_BOOL_CONVERSION = YES;
				CLANG_WARN_CONSTANT_CONVERSION = YES;
				CLANG_WARN_DIRECT_OBJC_ISA_USAGE = YES_ERROR;
				CLANG_WARN_EMPTY_BODY = YES;
				CLANG_WARN_ENUM_CONVERSION = YES;
				CLANG_WARN_INFINITE_RECURSION = YES;
				CLANG_WARN_INT_CONVERSION = YES;
				CLANG_WARN_OBJC_ROOT_CLASS = YES_ERROR;
				CLANG_WARN_SUSPICIOUS_MOVE = YES;
				CLANG_WARN_UNREACHABLE_CODE = YES;
				CLANG_WARN__DUPLICATE_METHOD_MATCH = YES;
				"CODE_SIGN_IDENTITY[sdk=iphoneos*]" = "iPhone Developer";
				COPY_PHASE_STRIP = NO;
				DEBUG_INFORMATION_FORMAT = "dwarf-with-dsym";
				ENABLE_NS_ASSERTIONS = NO;
				ENABLE_STRICT_OBJC_MSGSEND = YES;
				GCC_C_LANGUAGE_STANDARD = gnu99;
				GCC_NO_COMMON_BLOCKS = YES;
				GCC_WARN_64_TO_32_BIT_CONVERSION = YES;
				GCC_WARN_ABOUT_RETURN_TYPE = YES_ERROR;
				GCC_WARN_UNDECLARED_SELECTOR = YES;
				GCC_WARN_UNINITIALIZED_AUTOS = YES_AGGRESSIVE;
				GCC_WARN_UNUSED_FUNCTION = YES;
				GCC_WARN_UNUSED_VARIABLE = YES;
				IPHONEOS_DEPLOYMENT_TARGET = 9.2;
				MTL_ENABLE_DEBUG_INFO = NO;
				SDKROOT = iphoneos;
				SWIFT_OPTIMIZATION_LEVEL = "-Owholemodule";
				TARGETED_DEVICE_FAMILY = "1,2";
				VALIDATE_PRODUCT = YES;
			};
			name = Release;
		};
		DA0AE7411C391DCD0040E165 /* Debug */ = {
			isa = XCBuildConfiguration;
			buildSettings = {
				ASSETCATALOG_COMPILER_APPICON_NAME = AppIcon;
				INFOPLIST_FILE = "tableviewcontroller-test/Info.plist";
				LD_RUNPATH_SEARCH_PATHS = "$(inherited) @executable_path/Frameworks";
				PRODUCT_BUNDLE_IDENTIFIER = "home.tableviewcontroller-test";
				PRODUCT_NAME = "$(TARGET_NAME)";
				SWIFT_VERSION = 2.3;
			};
			name = Debug;
		};
		DA0AE7421C391DCD0040E165 /* Release */ = {
			isa = XCBuildConfiguration;
			buildSettings = {
				ASSETCATALOG_COMPILER_APPICON_NAME = AppIcon;
				INFOPLIST_FILE = "tableviewcontroller-test/Info.plist";
				LD_RUNPATH_SEARCH_PATHS = "$(inherited) @executable_path/Frameworks";
				PRODUCT_BUNDLE_IDENTIFIER = "home.tableviewcontroller-test";
				PRODUCT_NAME = "$(TARGET_NAME)";
				SWIFT_VERSION = 2.3;
			};
			name = Release;
		};
/* End XCBuildConfiguration section */

/* Begin XCConfigurationList section */
		DA0AE7291C391DCD0040E165 /* Build configuration list for PBXProject "tableviewcontroller-test" */ = {
			isa = XCConfigurationList;
			buildConfigurations = (
				DA0AE73E1C391DCD0040E165 /* Debug */,
				DA0AE73F1C391DCD0040E165 /* Release */,
			);
			defaultConfigurationIsVisible = 0;
			defaultConfigurationName = Release;
		};
		DA0AE7401C391DCD0040E165 /* Build configuration list for PBXNativeTarget "tableviewcontroller-test" */ = {
			isa = XCConfigurationList;
			buildConfigurations = (
				DA0AE7411C391DCD0040E165 /* Debug */,
				DA0AE7421C391DCD0040E165 /* Release */,
			);
			defaultConfigurationIsVisible = 0;
			defaultConfigurationName = Release;
		};
/* End XCConfigurationList section */
	};
	rootObject = DA0AE7261C391DCD0040E165 /* Project object */;
}
